github.com/dustin/go-jsonpointer v0.0.0-20160814072949-ba0abeacc3dc h1:tP7tkU+vIsEOKiK+l/NSLN4uUtkyuxc6hgYpQeCWAeI=
github.com/dustin/go-jsonpointer v0.0.0-20160814072949-ba0abeacc3dc/go.mod h1:ORH5Qp2bskd9NzSfKqAF7tKfONsEkCarTE5ESr/RVBw=
github.com/dustin/gojson v0.0.0-20160307161227-2e71ec9dd5ad h1:Qk76DOWdOp+GlyDKBAG3Klr9cn7N+LcYc82AZ2S7+cA=
github.com/dustin/gojson v0.0.0-20160307161227-2e71ec9dd5ad/go.mod h1:mPKfmRa823oBIgl2r20LeMSpTAteW5j7FLkc0vjmzyQ=
github.com/flynn/go-shlex v0.0.0-20150515145356-3f9db97f8568 h1:BHsljHzVlRcyQhjrss6TZTdY2VfCqZPbv5k3iBFa2ZQ=
github.com/flynn/go-shlex v0.0.0-20150515145356-3f9db97f8568/go.mod h1:xEzjJPgXI435gkrCt3MPfRiAkVrwSbHsst4LCFVfpJc=
github.com/gliderlabs/sigil v0.4.0 h1:N6wFQzyLTB4u5xpWeJlafWriNrl46bWzR5Sfgj4bSy8=
github.com/gliderlabs/sigil v0.4.0/go.mod h1:1h7H4biRwXmWY82OZkXIQp8WTwxX5/TwJPwVNKT1J2E=
github.com/kardianos/osext v0.0.0-20190222173326-2bc1f35cddc0 h1:iQTw/8FWTuc7uiaSepXwyf3o52HaUYcV+Tu66S3F5GA=
github.com/kardianos/osext v0.0.0-20190222173326-2bc1f35cddc0/go.mod h1:1NbS8ALrpOvjt0rHPNLyCIeMtbizbir8U//inJ+zuB8=
github.com/mgood/go-posix v0.0.0-20150821180505-948c005421f5 h1:AutzcJSqc7ROMqcjPKmxwLl//YrzDPb4tLSBlH3Irdc=
github.com/mgood/go-posix v0.0.0-20150821180505-948c005421f5/go.mod h1:irVTeKOI2GrudEK6/mqR4dDlGH91lCZIZM34YKSKH7M=
github.com/progrium/entrykit v0.4.0 h1:s1h6cNAzSkHk2IC9f57I9NuNjBfN4F7wPBb3qiVH3OE=
github.com/progrium/entrykit v0.4.0/go.mod h1:hO7swluf5U0+mXFScCy72aH/mC47vyngGu4U+D/x67g=
gopkg.in/check.v1 v0.0.0-20161208181325-20d25e280405 h1:yhCVgyC4o1eVCa2tZl7eS0r+SDo693bJlVdllGtEeKM=
gopkg.in/check.v1 v0.0.0-20161208181325-20d25e280405/go.mod h1:Co6ibVJAznAaIkqp8huTwlJQCZ016jof/cbN4VW5Yz0=
gopkg.in/yaml.v2 v2.2.4 h1:/eiJrUcujPVeJ3xlSWaiNi3uSVmDGBK1pDHUHAnao1I=
gopkg.in/yaml.v2 v2.2.4/go.mod h1:hI93XBmqTisBFMUTm0b8Fm+jr3Dg1NNxqwp+5A1VGuI=
